// !$*UTF8*$!
{
	archiveVersion = 1;
	classes = {
	};
	objectVersion = 50;
	objects = {

/* Begin PBXBuildFile section */
		1617ED6525F3E3B500AC043F /* TestDemoTests.swift in Sources */ = {isa = PBXBuildFile; fileRef = 1617ED6425F3E3B500AC043F /* TestDemoTests.swift */; };
		1617ED7425F3EC3C00AC043F /* Users+CoreDataClass.swift in Sources */ = {isa = PBXBuildFile; fileRef = 1617ED7225F3EC3C00AC043F /* Users+CoreDataClass.swift */; };
		1617ED7525F3EC3C00AC043F /* Users+CoreDataProperties.swift in Sources */ = {isa = PBXBuildFile; fileRef = 1617ED7325F3EC3C00AC043F /* Users+CoreDataProperties.swift */; };
		166C8FA025F28079000D3B88 /* AppDelegate.swift in Sources */ = {isa = PBXBuildFile; fileRef = 166C8F9F25F28079000D3B88 /* AppDelegate.swift */; };
		166C8FA225F28079000D3B88 /* SceneDelegate.swift in Sources */ = {isa = PBXBuildFile; fileRef = 166C8FA125F28079000D3B88 /* SceneDelegate.swift */; };
		166C8FA725F28079000D3B88 /* Main.storyboard in Resources */ = {isa = PBXBuildFile; fileRef = 166C8FA525F28079000D3B88 /* Main.storyboard */; };
		166C8FAA25F28079000D3B88 /* TestDemo.xcdatamodeld in Sources */ = {isa = PBXBuildFile; fileRef = 166C8FA825F28079000D3B88 /* TestDemo.xcdatamodeld */; };
		166C8FAC25F2807D000D3B88 /* Assets.xcassets in Resources */ = {isa = PBXBuildFile; fileRef = 166C8FAB25F2807D000D3B88 /* Assets.xcassets */; };
		166C8FAF25F2807D000D3B88 /* LaunchScreen.storyboard in Resources */ = {isa = PBXBuildFile; fileRef = 166C8FAD25F2807D000D3B88 /* LaunchScreen.storyboard */; };
		166C8FC725F28141000D3B88 /* NetworkManager.swift in Sources */ = {isa = PBXBuildFile; fileRef = 166C8FC425F28141000D3B88 /* NetworkManager.swift */; };
		166C8FC825F28141000D3B88 /* APIManager.swift in Sources */ = {isa = PBXBuildFile; fileRef = 166C8FC525F28141000D3B88 /* APIManager.swift */; };
		166C8FC925F28141000D3B88 /* Models.swift in Sources */ = {isa = PBXBuildFile; fileRef = 166C8FC625F28141000D3B88 /* Models.swift */; };
		166C8FCD25F28154000D3B88 /* CoreDataStack.swift in Sources */ = {isa = PBXBuildFile; fileRef = 166C8FCB25F28154000D3B88 /* CoreDataStack.swift */; };
		166C8FCE25F28154000D3B88 /* DataProvider.swift in Sources */ = {isa = PBXBuildFile; fileRef = 166C8FCC25F28154000D3B88 /* DataProvider.swift */; };
		166C8FD625F2816A000D3B88 /* ProfileVC.swift in Sources */ = {isa = PBXBuildFile; fileRef = 166C8FD225F2816A000D3B88 /* ProfileVC.swift */; };
		166C8FD725F2816A000D3B88 /* UserCell.swift in Sources */ = {isa = PBXBuildFile; fileRef = 166C8FD425F2816A000D3B88 /* UserCell.swift */; };
		166C8FD825F2816A000D3B88 /* UserListVC.swift in Sources */ = {isa = PBXBuildFile; fileRef = 166C8FD525F2816A000D3B88 /* UserListVC.swift */; };
		16A8A99B27C4DD3300EF3B6F /* UserViewModel.swift in Sources */ = {isa = PBXBuildFile; fileRef = 16A8A99A27C4DD3300EF3B6F /* UserViewModel.swift */; };
		16A8A99E27C4EAD300EF3B6F /* Observable.swift in Sources */ = {isa = PBXBuildFile; fileRef = 16A8A99D27C4EAD200EF3B6F /* Observable.swift */; };
		16A8A9A027C4F0FE00EF3B6F /* NormalUserCell.swift in Sources */ = {isa = PBXBuildFile; fileRef = 16A8A99F27C4F0FE00EF3B6F /* NormalUserCell.swift */; };
		16A8A9A227C4F12B00EF3B6F /* NoteUserCell.swift in Sources */ = {isa = PBXBuildFile; fileRef = 16A8A9A127C4F12B00EF3B6F /* NoteUserCell.swift */; };
		16A8A9A427C4F13D00EF3B6F /* InvertedUserCell.swift in Sources */ = {isa = PBXBuildFile; fileRef = 16A8A9A327C4F13D00EF3B6F /* InvertedUserCell.swift */; };
/* End PBXBuildFile section */

/* Begin PBXContainerItemProxy section */
		1617ED6725F3E3B500AC043F /* PBXContainerItemProxy */ = {
			isa = PBXContainerItemProxy;
			containerPortal = 166C8F9425F28079000D3B88 /* Project object */;
			proxyType = 1;
			remoteGlobalIDString = 166C8F9B25F28079000D3B88;
			remoteInfo = TestDemo;
		};
/* End PBXContainerItemProxy section */

/* Begin PBXFileReference section */
		1617ED6225F3E3B500AC043F /* TestDemoTests.xctest */ = {isa = PBXFileReference; explicitFileType = wrapper.cfbundle; includeInIndex = 0; path = TestDemoTests.xctest; sourceTree = BUILT_PRODUCTS_DIR; };
		1617ED6425F3E3B500AC043F /* TestDemoTests.swift */ = {isa = PBXFileReference; lastKnownFileType = sourcecode.swift; path = TestDemoTests.swift; sourceTree = "<group>"; };
		1617ED6625F3E3B500AC043F /* Info.plist */ = {isa = PBXFileReference; lastKnownFileType = text.plist.xml; path = Info.plist; sourceTree = "<group>"; };
		1617ED7225F3EC3C00AC043F /* Users+CoreDataClass.swift */ = {isa = PBXFileReference; lastKnownFileType = sourcecode.swift; path = "Users+CoreDataClass.swift"; sourceTree = "<group>"; };
		1617ED7325F3EC3C00AC043F /* Users+CoreDataProperties.swift */ = {isa = PBXFileReference; lastKnownFileType = sourcecode.swift; path = "Users+CoreDataProperties.swift"; sourceTree = "<group>"; };
		166C8F9C25F28079000D3B88 /* TestDemo.app */ = {isa = PBXFileReference; explicitFileType = wrapper.application; includeInIndex = 0; path = TestDemo.app; sourceTree = BUILT_PRODUCTS_DIR; };
		166C8F9F25F28079000D3B88 /* AppDelegate.swift */ = {isa = PBXFileReference; lastKnownFileType = sourcecode.swift; path = AppDelegate.swift; sourceTree = "<group>"; };
		166C8FA125F28079000D3B88 /* SceneDelegate.swift */ = {isa = PBXFileReference; lastKnownFileType = sourcecode.swift; path = SceneDelegate.swift; sourceTree = "<group>"; };
		166C8FA625F28079000D3B88 /* Base */ = {isa = PBXFileReference; lastKnownFileType = file.storyboard; name = Base; path = Base.lproj/Main.storyboard; sourceTree = "<group>"; };
		166C8FA925F28079000D3B88 /* TestDemo.xcdatamodel */ = {isa = PBXFileReference; lastKnownFileType = wrapper.xcdatamodel; path = TestDemo.xcdatamodel; sourceTree = "<group>"; };
		166C8FAB25F2807D000D3B88 /* Assets.xcassets */ = {isa = PBXFileReference; lastKnownFileType = folder.assetcatalog; path = Assets.xcassets; sourceTree = "<group>"; };
		166C8FAE25F2807D000D3B88 /* Base */ = {isa = PBXFileReference; lastKnownFileType = file.storyboard; name = Base; path = Base.lproj/LaunchScreen.storyboard; sourceTree = "<group>"; };
		166C8FB025F2807D000D3B88 /* Info.plist */ = {isa = PBXFileReference; lastKnownFileType = text.plist.xml; path = Info.plist; sourceTree = "<group>"; };
		166C8FC425F28141000D3B88 /* NetworkManager.swift */ = {isa = PBXFileReference; fileEncoding = 4; lastKnownFileType = sourcecode.swift; path = NetworkManager.swift; sourceTree = "<group>"; };
		166C8FC525F28141000D3B88 /* APIManager.swift */ = {isa = PBXFileReference; fileEncoding = 4; lastKnownFileType = sourcecode.swift; path = APIManager.swift; sourceTree = "<group>"; };
		166C8FC625F28141000D3B88 /* Models.swift */ = {isa = PBXFileReference; fileEncoding = 4; lastKnownFileType = sourcecode.swift; path = Models.swift; sourceTree = "<group>"; };
		166C8FCB25F28154000D3B88 /* CoreDataStack.swift */ = {isa = PBXFileReference; fileEncoding = 4; lastKnownFileType = sourcecode.swift; path = CoreDataStack.swift; sourceTree = "<group>"; };
		166C8FCC25F28154000D3B88 /* DataProvider.swift */ = {isa = PBXFileReference; fileEncoding = 4; lastKnownFileType = sourcecode.swift; path = DataProvider.swift; sourceTree = "<group>"; };
		166C8FD225F2816A000D3B88 /* ProfileVC.swift */ = {isa = PBXFileReference; fileEncoding = 4; lastKnownFileType = sourcecode.swift; path = ProfileVC.swift; sourceTree = "<group>"; };
		166C8FD425F2816A000D3B88 /* UserCell.swift */ = {isa = PBXFileReference; fileEncoding = 4; lastKnownFileType = sourcecode.swift; path = UserCell.swift; sourceTree = "<group>"; };
		166C8FD525F2816A000D3B88 /* UserListVC.swift */ = {isa = PBXFileReference; fileEncoding = 4; lastKnownFileType = sourcecode.swift; path = UserListVC.swift; sourceTree = "<group>"; };
		16A8A99A27C4DD3300EF3B6F /* UserViewModel.swift */ = {isa = PBXFileReference; lastKnownFileType = sourcecode.swift; path = UserViewModel.swift; sourceTree = "<group>"; };
		16A8A99D27C4EAD200EF3B6F /* Observable.swift */ = {isa = PBXFileReference; fileEncoding = 4; lastKnownFileType = sourcecode.swift; path = Observable.swift; sourceTree = "<group>"; };
		16A8A99F27C4F0FE00EF3B6F /* NormalUserCell.swift */ = {isa = PBXFileReference; lastKnownFileType = sourcecode.swift; path = NormalUserCell.swift; sourceTree = "<group>"; };
		16A8A9A127C4F12B00EF3B6F /* NoteUserCell.swift */ = {isa = PBXFileReference; lastKnownFileType = sourcecode.swift; path = NoteUserCell.swift; sourceTree = "<group>"; };
		16A8A9A327C4F13D00EF3B6F /* InvertedUserCell.swift */ = {isa = PBXFileReference; lastKnownFileType = sourcecode.swift; path = InvertedUserCell.swift; sourceTree = "<group>"; };
/* End PBXFileReference section */

/* Begin PBXFrameworksBuildPhase section */
		1617ED5F25F3E3B500AC043F /* Frameworks */ = {
			isa = PBXFrameworksBuildPhase;
			buildActionMask = 2147483647;
			files = (
			);
			runOnlyForDeploymentPostprocessing = 0;
		};
		166C8F9925F28079000D3B88 /* Frameworks */ = {
			isa = PBXFrameworksBuildPhase;
			buildActionMask = 2147483647;
			files = (
			);
			runOnlyForDeploymentPostprocessing = 0;
		};
/* End PBXFrameworksBuildPhase section */

/* Begin PBXGroup section */
		1617ED6325F3E3B500AC043F /* TestDemoTests */ = {
			isa = PBXGroup;
			children = (
				1617ED6425F3E3B500AC043F /* TestDemoTests.swift */,
				1617ED6625F3E3B500AC043F /* Info.plist */,
			);
			path = TestDemoTests;
			sourceTree = "<group>";
		};
		166C8F9325F28079000D3B88 = {
			isa = PBXGroup;
			children = (
				166C8F9E25F28079000D3B88 /* TestDemo */,
				1617ED6325F3E3B500AC043F /* TestDemoTests */,
				166C8F9D25F28079000D3B88 /* Products */,
			);
			sourceTree = "<group>";
		};
		166C8F9D25F28079000D3B88 /* Products */ = {
			isa = PBXGroup;
			children = (
				166C8F9C25F28079000D3B88 /* TestDemo.app */,
				1617ED6225F3E3B500AC043F /* TestDemoTests.xctest */,
			);
			name = Products;
			sourceTree = "<group>";
		};
		166C8F9E25F28079000D3B88 /* TestDemo */ = {
			isa = PBXGroup;
			children = (
				16A8A99C27C4EABA00EF3B6F /* Helper */,
				166C8FD025F2816A000D3B88 /* ViewController */,
				166C8FC325F28141000D3B88 /* APIManager */,
				166C8FBC25F28123000D3B88 /* CoreData */,
				166C8F9F25F28079000D3B88 /* AppDelegate.swift */,
				166C8FA125F28079000D3B88 /* SceneDelegate.swift */,
				166C8FA525F28079000D3B88 /* Main.storyboard */,
				166C8FAB25F2807D000D3B88 /* Assets.xcassets */,
				166C8FAD25F2807D000D3B88 /* LaunchScreen.storyboard */,
				166C8FB025F2807D000D3B88 /* Info.plist */,
				166C8FDA25F281D6000D3B88 /* SupportFiles */,
			);
			path = TestDemo;
			sourceTree = "<group>";
		};
		166C8FBC25F28123000D3B88 /* CoreData */ = {
			isa = PBXGroup;
			children = (
				1617ED7225F3EC3C00AC043F /* Users+CoreDataClass.swift */,
				1617ED7325F3EC3C00AC043F /* Users+CoreDataProperties.swift */,
				166C8FCB25F28154000D3B88 /* CoreDataStack.swift */,
				166C8FCC25F28154000D3B88 /* DataProvider.swift */,
				166C8FA825F28079000D3B88 /* TestDemo.xcdatamodeld */,
			);
			path = CoreData;
			sourceTree = "<group>";
		};
		166C8FC325F28141000D3B88 /* APIManager */ = {
			isa = PBXGroup;
			children = (
				166C8FC425F28141000D3B88 /* NetworkManager.swift */,
				166C8FC525F28141000D3B88 /* APIManager.swift */,
				166C8FC625F28141000D3B88 /* Models.swift */,
			);
			path = APIManager;
			sourceTree = "<group>";
		};
		166C8FD025F2816A000D3B88 /* ViewController */ = {
			isa = PBXGroup;
			children = (
				16A8A99927C4DCFB00EF3B6F /* UserViewModel */,
				166C8FD125F2816A000D3B88 /* ProfileVC */,
				166C8FD325F2816A000D3B88 /* UserList */,
			);
			path = ViewController;
			sourceTree = "<group>";
		};
		166C8FD125F2816A000D3B88 /* ProfileVC */ = {
			isa = PBXGroup;
			children = (
				166C8FD225F2816A000D3B88 /* ProfileVC.swift */,
			);
			path = ProfileVC;
			sourceTree = "<group>";
		};
		166C8FD325F2816A000D3B88 /* UserList */ = {
			isa = PBXGroup;
			children = (
				166C8FD425F2816A000D3B88 /* UserCell.swift */,
				16A8A99F27C4F0FE00EF3B6F /* NormalUserCell.swift */,
				16A8A9A127C4F12B00EF3B6F /* NoteUserCell.swift */,
				16A8A9A327C4F13D00EF3B6F /* InvertedUserCell.swift */,
				166C8FD525F2816A000D3B88 /* UserListVC.swift */,
			);
			path = UserList;
			sourceTree = "<group>";
		};
		166C8FDA25F281D6000D3B88 /* SupportFiles */ = {
			isa = PBXGroup;
			children = (
			);
			path = SupportFiles;
			sourceTree = "<group>";
		};
		16A8A99927C4DCFB00EF3B6F /* UserViewModel */ = {
			isa = PBXGroup;
			children = (
				16A8A99A27C4DD3300EF3B6F /* UserViewModel.swift */,
			);
			path = UserViewModel;
			sourceTree = "<group>";
		};
		16A8A99C27C4EABA00EF3B6F /* Helper */ = {
			isa = PBXGroup;
			children = (
				16A8A99D27C4EAD200EF3B6F /* Observable.swift */,
			);
			path = Helper;
			sourceTree = "<group>";
		};
/* End PBXGroup section */

/* Begin PBXNativeTarget section */
		1617ED6125F3E3B500AC043F /* TestDemoTests */ = {
			isa = PBXNativeTarget;
			buildConfigurationList = 1617ED6925F3E3B500AC043F /* Build configuration list for PBXNativeTarget "TestDemoTests" */;
			buildPhases = (
				1617ED5E25F3E3B500AC043F /* Sources */,
				1617ED5F25F3E3B500AC043F /* Frameworks */,
				1617ED6025F3E3B500AC043F /* Resources */,
			);
			buildRules = (
			);
			dependencies = (
				1617ED6825F3E3B500AC043F /* PBXTargetDependency */,
			);
			name = TestDemoTests;
			productName = TestDemoTests;
			productReference = 1617ED6225F3E3B500AC043F /* TestDemoTests.xctest */;
			productType = "com.apple.product-type.bundle.unit-test";
		};
		166C8F9B25F28079000D3B88 /* TestDemo */ = {
			isa = PBXNativeTarget;
			buildConfigurationList = 166C8FB325F2807D000D3B88 /* Build configuration list for PBXNativeTarget "TestDemo" */;
			buildPhases = (
				166C8F9825F28079000D3B88 /* Sources */,
				166C8F9925F28079000D3B88 /* Frameworks */,
				166C8F9A25F28079000D3B88 /* Resources */,
			);
			buildRules = (
			);
			dependencies = (
			);
			name = TestDemo;
			productName = TestDemo;
			productReference = 166C8F9C25F28079000D3B88 /* TestDemo.app */;
			productType = "com.apple.product-type.application";
		};
/* End PBXNativeTarget section */

/* Begin PBXProject section */
		166C8F9425F28079000D3B88 /* Project object */ = {
			isa = PBXProject;
			attributes = {
				LastSwiftUpdateCheck = 1230;
				LastUpgradeCheck = 1230;
				TargetAttributes = {
					1617ED6125F3E3B500AC043F = {
						CreatedOnToolsVersion = 12.3;
						TestTargetID = 166C8F9B25F28079000D3B88;
					};
					166C8F9B25F28079000D3B88 = {
						CreatedOnToolsVersion = 12.3;
					};
				};
			};
			buildConfigurationList = 166C8F9725F28079000D3B88 /* Build configuration list for PBXProject "TestDemo" */;
			compatibilityVersion = "Xcode 9.3";
			developmentRegion = en;
			hasScannedForEncodings = 0;
			knownRegions = (
				en,
				Base,
			);
			mainGroup = 166C8F9325F28079000D3B88;
			productRefGroup = 166C8F9D25F28079000D3B88 /* Products */;
			projectDirPath = "";
			projectRoot = "";
			targets = (
				166C8F9B25F28079000D3B88 /* TestDemo */,
				1617ED6125F3E3B500AC043F /* TestDemoTests */,
			);
		};
/* End PBXProject section */

/* Begin PBXResourcesBuildPhase section */
		1617ED6025F3E3B500AC043F /* Resources */ = {
			isa = PBXResourcesBuildPhase;
			buildActionMask = 2147483647;
			files = (
			);
			runOnlyForDeploymentPostprocessing = 0;
		};
		166C8F9A25F28079000D3B88 /* Resources */ = {
			isa = PBXResourcesBuildPhase;
			buildActionMask = 2147483647;
			files = (
				166C8FAF25F2807D000D3B88 /* LaunchScreen.storyboard in Resources */,
				166C8FAC25F2807D000D3B88 /* Assets.xcassets in Resources */,
				166C8FA725F28079000D3B88 /* Main.storyboard in Resources */,
			);
			runOnlyForDeploymentPostprocessing = 0;
		};
/* End PBXResourcesBuildPhase section */

/* Begin PBXSourcesBuildPhase section */
		1617ED5E25F3E3B500AC043F /* Sources */ = {
			isa = PBXSourcesBuildPhase;
			buildActionMask = 2147483647;
			files = (
				1617ED6525F3E3B500AC043F /* TestDemoTests.swift in Sources */,
			);
			runOnlyForDeploymentPostprocessing = 0;
		};
		166C8F9825F28079000D3B88 /* Sources */ = {
			isa = PBXSourcesBuildPhase;
			buildActionMask = 2147483647;
			files = (
				166C8FD625F2816A000D3B88 /* ProfileVC.swift in Sources */,
				16A8A99E27C4EAD300EF3B6F /* Observable.swift in Sources */,
				166C8FD725F2816A000D3B88 /* UserCell.swift in Sources */,
				16A8A9A427C4F13D00EF3B6F /* InvertedUserCell.swift in Sources */,
				1617ED7425F3EC3C00AC043F /* Users+CoreDataClass.swift in Sources */,
				1617ED7525F3EC3C00AC043F /* Users+CoreDataProperties.swift in Sources */,
				166C8FC825F28141000D3B88 /* APIManager.swift in Sources */,
				16A8A99B27C4DD3300EF3B6F /* UserViewModel.swift in Sources */,
				16A8A9A027C4F0FE00EF3B6F /* NormalUserCell.swift in Sources */,
				166C8FA025F28079000D3B88 /* AppDelegate.swift in Sources */,
				166C8FC725F28141000D3B88 /* NetworkManager.swift in Sources */,
				16A8A9A227C4F12B00EF3B6F /* NoteUserCell.swift in Sources */,
				166C8FD825F2816A000D3B88 /* UserListVC.swift in Sources */,
				166C8FCE25F28154000D3B88 /* DataProvider.swift in Sources */,
				166C8FCD25F28154000D3B88 /* CoreDataStack.swift in Sources */,
				166C8FAA25F28079000D3B88 /* TestDemo.xcdatamodeld in Sources */,
				166C8FC925F28141000D3B88 /* Models.swift in Sources */,
				166C8FA225F28079000D3B88 /* SceneDelegate.swift in Sources */,
			);
			runOnlyForDeploymentPostprocessing = 0;
		};
/* End PBXSourcesBuildPhase section */

/* Begin PBXTargetDependency section */
		1617ED6825F3E3B500AC043F /* PBXTargetDependency */ = {
			isa = PBXTargetDependency;
			target = 166C8F9B25F28079000D3B88 /* TestDemo */;
			targetProxy = 1617ED6725F3E3B500AC043F /* PBXContainerItemProxy */;
		};
/* End PBXTargetDependency section */

/* Begin PBXVariantGroup section */
		166C8FA525F28079000D3B88 /* Main.storyboard */ = {
			isa = PBXVariantGroup;
			children = (
				166C8FA625F28079000D3B88 /* Base */,
			);
			name = Main.storyboard;
			sourceTree = "<group>";
		};
		166C8FAD25F2807D000D3B88 /* LaunchScreen.storyboard */ = {
			isa = PBXVariantGroup;
			children = (
				166C8FAE25F2807D000D3B88 /* Base */,
			);
			name = LaunchScreen.storyboard;
			sourceTree = "<group>";
		};
/* End PBXVariantGroup section */

/* Begin XCBuildConfiguration section */
		1617ED6A25F3E3B500AC043F /* Debug */ = {
			isa = XCBuildConfiguration;
			buildSettings = {
				BUNDLE_LOADER = "$(TEST_HOST)";
				CODE_SIGN_STYLE = Automatic;
				DEVELOPMENT_TEAM = 9GHYK4RX5X;
				INFOPLIST_FILE = TestDemoTests/Info.plist;
				LD_RUNPATH_SEARCH_PATHS = (
					"$(inherited)",
					"@executable_path/Frameworks",
					"@loader_path/Frameworks",
				);
				PRODUCT_BUNDLE_IDENTIFIER = com.tech..TestDemoTests;
				PRODUCT_NAME = "$(TARGET_NAME)";
				SWIFT_VERSION = 5.0;
				TARGETED_DEVICE_FAMILY = "1,2";
				TEST_HOST = "$(BUILT_PRODUCTS_DIR)/TestDemo.app/TestDemo";
			};
			name = Debug;
		};
		1617ED6B25F3E3B500AC043F /* Release */ = {
			isa = XCBuildConfiguration;
			buildSettings = {
				BUNDLE_LOADER = "$(TEST_HOST)";
				CODE_SIGN_STYLE = Automatic;
				DEVELOPMENT_TEAM = 9GHYK4RX5X;
				INFOPLIST_FILE = TestDemoTests/Info.plist;
				LD_RUNPATH_SEARCH_PATHS = (
					"$(inherited)",
					"@executable_path/Frameworks",
					"@loader_path/Frameworks",
				);
				PRODUCT_BUNDLE_IDENTIFIER = com.tech..TestDemoTests;
				PRODUCT_NAME = "$(TARGET_NAME)";
				SWIFT_VERSION = 5.0;
				TARGETED_DEVICE_FAMILY = "1,2";
				TEST_HOST = "$(BUILT_PRODUCTS_DIR)/TestDemo.app/TestDemo";
			};
			name = Release;
		};
		166C8FB125F2807D000D3B88 /* Debug */ = {
			isa = XCBuildConfiguration;
			buildSettings = {
				ALWAYS_SEARCH_USER_PATHS = NO;
				CLANG_ANALYZER_NONNULL = YES;
				CLANG_ANALYZER_NUMBER_OBJECT_CONVERSION = YES_AGGRESSIVE;
				CLANG_CXX_LANGUAGE_STANDARD = "gnu++14";
				CLANG_CXX_LIBRARY = "libc++";
				CLANG_ENABLE_MODULES = YES;
				CLANG_ENABLE_OBJC_ARC = YES;
				CLANG_ENABLE_OBJC_WEAK = YES;
				CLANG_WARN_BLOCK_CAPTURE_AUTORELEASING = YES;
				CLANG_WARN_BOOL_CONVERSION = YES;
				CLANG_WARN_COMMA = YES;
				CLANG_WARN_CONSTANT_CONVERSION = YES;
				CLANG_WARN_DEPRECATED_OBJC_IMPLEMENTATIONS = YES;
				CLANG_WARN_DIRECT_OBJC_ISA_USAGE = YES_ERROR;
				CLANG_WARN_DOCUMENTATION_COMMENTS = YES;
				CLANG_WARN_EMPTY_BODY = YES;
				CLANG_WARN_ENUM_CONVERSION = YES;
				CLANG_WARN_INFINITE_RECURSION = YES;
				CLANG_WARN_INT_CONVERSION = YES;
				CLANG_WARN_NON_LITERAL_NULL_CONVERSION = YES;
				CLANG_WARN_OBJC_IMPLICIT_RETAIN_SELF = YES;
				CLANG_WARN_OBJC_LITERAL_CONVERSION = YES;
				CLANG_WARN_OBJC_ROOT_CLASS = YES_ERROR;
				CLANG_WARN_QUOTED_INCLUDE_IN_FRAMEWORK_HEADER = YES;
				CLANG_WARN_RANGE_LOOP_ANALYSIS = YES;
				CLANG_WARN_STRICT_PROTOTYPES = YES;
				CLANG_WARN_SUSPICIOUS_MOVE = YES;
				CLANG_WARN_UNGUARDED_AVAILABILITY = YES_AGGRESSIVE;
				CLANG_WARN_UNREACHABLE_CODE = YES;
				CLANG_WARN__DUPLICATE_METHOD_MATCH = YES;
				COPY_PHASE_STRIP = NO;
				DEBUG_INFORMATION_FORMAT = dwarf;
				ENABLE_STRICT_OBJC_MSGSEND = YES;
				ENABLE_TESTABILITY = YES;
				GCC_C_LANGUAGE_STANDARD = gnu11;
				GCC_DYNAMIC_NO_PIC = NO;
				GCC_NO_COMMON_BLOCKS = YES;
				GCC_OPTIMIZATION_LEVEL = 0;
				GCC_PREPROCESSOR_DEFINITIONS = (
					"DEBUG=1",
					"$(inherited)",
				);
				GCC_WARN_64_TO_32_BIT_CONVERSION = YES;
				GCC_WARN_ABOUT_RETURN_TYPE = YES_ERROR;
				GCC_WARN_UNDECLARED_SELECTOR = YES;
				GCC_WARN_UNINITIALIZED_AUTOS = YES_AGGRESSIVE;
				GCC_WARN_UNUSED_FUNCTION = YES;
				GCC_WARN_UNUSED_VARIABLE = YES;
				IPHONEOS_DEPLOYMENT_TARGET = 14.3;
				MTL_ENABLE_DEBUG_INFO = INCLUDE_SOURCE;
				MTL_FAST_MATH = YES;
				ONLY_ACTIVE_ARCH = YES;
				SDKROOT = iphoneos;
				SWIFT_ACTIVE_COMPILATION_CONDITIONS = DEBUG;
				SWIFT_OPTIMIZATION_LEVEL = "-Onone";
			};
			name = Debug;
		};
		166C8FB225F2807D000D3B88 /* Release */ = {
			isa = XCBuildConfiguration;
			buildSettings = {
				ALWAYS_SEARCH_USER_PATHS = NO;
				CLANG_ANALYZER_NONNULL = YES;
				CLANG_ANALYZER_NUMBER_OBJECT_CONVERSION = YES_AGGRESSIVE;
				CLANG_CXX_LANGUAGE_STANDARD = "gnu++14";
				CLANG_CXX_LIBRARY = "libc++";
				CLANG_ENABLE_MODULES = YES;
				CLANG_ENABLE_OBJC_ARC = YES;
				CLANG_ENABLE_OBJC_WEAK = YES;
				CLANG_WARN_BLOCK_CAPTURE_AUTORELEASING = YES;
				CLANG_WARN_BOOL_CONVERSION = YES;
				CLANG_WARN_COMMA = YES;
				CLANG_WARN_CONSTANT_CONVERSION = YES;
				CLANG_WARN_DEPRECATED_OBJC_IMPLEMENTATIONS = YES;
				CLANG_WARN_DIRECT_OBJC_ISA_USAGE = YES_ERROR;
				CLANG_WARN_DOCUMENTATION_COMMENTS = YES;
				CLANG_WARN_EMPTY_BODY = YES;
				CLANG_WARN_ENUM_CONVERSION = YES;
				CLANG_WARN_INFINITE_RECURSION = YES;
				CLANG_WARN_INT_CONVERSION = YES;
				CLANG_WARN_NON_LITERAL_NULL_CONVERSION = YES;
				CLANG_WARN_OBJC_IMPLICIT_RETAIN_SELF = YES;
				CLANG_WARN_OBJC_LITERAL_CONVERSION = YES;
				CLANG_WARN_OBJC_ROOT_CLASS = YES_ERROR;
				CLANG_WARN_QUOTED_INCLUDE_IN_FRAMEWORK_HEADER = YES;
				CLANG_WARN_RANGE_LOOP_ANALYSIS = YES;
				CLANG_WARN_STRICT_PROTOTYPES = YES;
				CLANG_WARN_SUSPICIOUS_MOVE = YES;
				CLANG_WARN_UNGUARDED_AVAILABILITY = YES_AGGRESSIVE;
				CLANG_WARN_UNREACHABLE_CODE = YES;
				CLANG_WARN__DUPLICATE_METHOD_MATCH = YES;
				COPY_PHASE_STRIP = NO;
				DEBUG_INFORMATION_FORMAT = "dwarf-with-dsym";
				ENABLE_NS_ASSERTIONS = NO;
				ENABLE_STRICT_OBJC_MSGSEND = YES;
				GCC_C_LANGUAGE_STANDARD = gnu11;
				GCC_NO_COMMON_BLOCKS = YES;
				GCC_WARN_64_TO_32_BIT_CONVERSION = YES;
				GCC_WARN_ABOUT_RETURN_TYPE = YES_ERROR;
				GCC_WARN_UNDECLARED_SELECTOR = YES;
				GCC_WARN_UNINITIALIZED_AUTOS = YES_AGGRESSIVE;
				GCC_WARN_UNUSED_FUNCTION = YES;
				GCC_WARN_UNUSED_VARIABLE = YES;
				IPHONEOS_DEPLOYMENT_TARGET = 14.3;
				MTL_ENABLE_DEBUG_INFO = NO;
				MTL_FAST_MATH = YES;
				SDKROOT = iphoneos;
				SWIFT_COMPILATION_MODE = wholemodule;
				SWIFT_OPTIMIZATION_LEVEL = "-O";
				VALIDATE_PRODUCT = YES;
			};
			name = Release;
		};
		166C8FB425F2807D000D3B88 /* Debug */ = {
			isa = XCBuildConfiguration;
			buildSettings = {
				ASSETCATALOG_COMPILER_APPICON_NAME = AppIcon;
				ASSETCATALOG_COMPILER_GLOBAL_ACCENT_COLOR_NAME = AccentColor;
				CODE_SIGN_STYLE = Automatic;
				DEVELOPMENT_TEAM = 8LL8GFVS64;
				INFOPLIST_FILE = TestDemo/Info.plist;
				LD_RUNPATH_SEARCH_PATHS = (
					"$(inherited)",
					"@executable_path/Frameworks",
				);
				PRODUCT_BUNDLE_IDENTIFIER = com.tech..TestDemo;
				PRODUCT_NAME = "$(TARGET_NAME)";
				SWIFT_VERSION = 5.0;
				TARGETED_DEVICE_FAMILY = "1,2";
			};
			name = Debug;
		};
		166C8FB525F2807D000D3B88 /* Release */ = {
			isa = XCBuildConfiguration;
			buildSettings = {
				ASSETCATALOG_COMPILER_APPICON_NAME = AppIcon;
				ASSETCATALOG_COMPILER_GLOBAL_ACCENT_COLOR_NAME = AccentColor;
				CODE_SIGN_STYLE = Automatic;
				DEVELOPMENT_TEAM = 8LL8GFVS64;
				INFOPLIST_FILE = TestDemo/Info.plist;
				LD_RUNPATH_SEARCH_PATHS = (
					"$(inherited)",
					"@executable_path/Frameworks",
				);
				PRODUCT_BUNDLE_IDENTIFIER = com.tech..TestDemo;
				PRODUCT_NAME = "$(TARGET_NAME)";
				SWIFT_VERSION = 5.0;
				TARGETED_DEVICE_FAMILY = "1,2";
			};
			name = Release;
		};
/* End XCBuildConfiguration section */

/* Begin XCConfigurationList section */
		1617ED6925F3E3B500AC043F /* Build configuration list for PBXNativeTarget "TestDemoTests" */ = {
			isa = XCConfigurationList;
			buildConfigurations = (
				1617ED6A25F3E3B500AC043F /* Debug */,
				1617ED6B25F3E3B500AC043F /* Release */,
			);
			defaultConfigurationIsVisible = 0;
			defaultConfigurationName = Release;
		};
		166C8F9725F28079000D3B88 /* Build configuration list for PBXProject "TestDemo" */ = {
			isa = XCConfigurationList;
			buildConfigurations = (
				166C8FB125F2807D000D3B88 /* Debug */,
				166C8FB225F2807D000D3B88 /* Release */,
			);
			defaultConfigurationIsVisible = 0;
			defaultConfigurationName = Release;
		};
		166C8FB325F2807D000D3B88 /* Build configuration list for PBXNativeTarget "TestDemo" */ = {
			isa = XCConfigurationList;
			buildConfigurations = (
				166C8FB425F2807D000D3B88 /* Debug */,
				166C8FB525F2807D000D3B88 /* Release */,
			);
			defaultConfigurationIsVisible = 0;
			defaultConfigurationName = Release;
		};
/* End XCConfigurationList section */

/* Begin XCVersionGroup section */
		166C8FA825F28079000D3B88 /* TestDemo.xcdatamodeld */ = {
			isa = XCVersionGroup;
			children = (
				166C8FA925F28079000D3B88 /* TestDemo.xcdatamodel */,
			);
			currentVersion = 166C8FA925F28079000D3B88 /* TestDemo.xcdatamodel */;
			path = TestDemo.xcdatamodeld;
			sourceTree = "<group>";
			versionGroupType = wrapper.xcdatamodel;
		};
/* End XCVersionGroup section */
	};
	rootObject = 166C8F9425F28079000D3B88 /* Project object */;
}
